
Microsoft Visual Studio Solution File, Format Version 12.00
Project("{FAE04EC0-301F-11D3-BF4B-00C04F79EFBC}") = "MessageWithButtonExample", "examples\MessageWithButtonExample\MessageWithButtonExample.csproj", "{420649B0-282F-42E1-9A95-248FE78FE10C}"
EndProject
Project("{2150E333-8FDC-42A3-9474-1A3956D46DE8}") = "Examples", "Examples", "{F1F85451-CA63-441C-8C96-D7AA8C63AAB2}"
EndProject
Project("{FAE04EC0-301F-11D3-BF4B-00C04F79EFBC}") = "Gimle.Core", "src\Gimle.Core\Gimle.Core.csproj", "{BA1DA6F4-0DBA-40F2-8AFB-42C32EF5CF6F}"
EndProject
Project("{2150E333-8FDC-42A3-9474-1A3956D46DE8}") = "Src", "Src", "{EB9C6493-2C7C-4DA9-86F0-E3BFCBBE7B4B}"
EndProject
Project("{FAE04EC0-301F-11D3-BF4B-00C04F79EFBC}") = "ChangeMessageExample", "examples\ChangeMessageExample\ChangeMessageExample.csproj", "{110AB859-ED05-4DFF-94AA-3D2CC056CC8F}"
EndProject
Project("{FAE04EC0-301F-11D3-BF4B-00C04F79EFBC}") = "HomeTabExample", "examples\HomeTabExample\HomeTabExample.csproj", "{B62FB9FA-6B5D-4DDA-8643-2AD149EE5D1D}"
EndProject
Project("{FAE04EC0-301F-11D3-BF4B-00C04F79EFBC}") = "Slack.Client", "src\Slack.Client\Slack.Client.csproj", "{8BBDA580-CE75-467D-B130-48E65018DD6E}"
EndProject
Project("{FAE04EC0-301F-11D3-BF4B-00C04F79EFBC}") = "ModalExample", "examples\ModalExample\ModalExample.csproj", "{D9D1D033-E486-4DD5-91D9-FE27F2F94DC5}"
EndProject
Project("{2150E333-8FDC-42A3-9474-1A3956D46DE8}") = "Assets", "Assets", "{8CD3C16E-4D33-4F15-BBA5-560A6F1D044D}"
EndProject
Global
	GlobalSection(SolutionConfigurationPlatforms) = preSolution
		Debug|Any CPU = Debug|Any CPU
		Release|Any CPU = Release|Any CPU
	EndGlobalSection
	GlobalSection(ProjectConfigurationPlatforms) = postSolution
		{420649B0-282F-42E1-9A95-248FE78FE10C}.Debug|Any CPU.ActiveCfg = Debug|Any CPU
		{420649B0-282F-42E1-9A95-248FE78FE10C}.Debug|Any CPU.Build.0 = Debug|Any CPU
		{420649B0-282F-42E1-9A95-248FE78FE10C}.Release|Any CPU.ActiveCfg = Release|Any CPU
		{420649B0-282F-42E1-9A95-248FE78FE10C}.Release|Any CPU.Build.0 = Release|Any CPU
		{BA1DA6F4-0DBA-40F2-8AFB-42C32EF5CF6F}.Debug|Any CPU.ActiveCfg = Debug|Any CPU
		{BA1DA6F4-0DBA-40F2-8AFB-42C32EF5CF6F}.Debug|Any CPU.Build.0 = Debug|Any CPU
		{BA1DA6F4-0DBA-40F2-8AFB-42C32EF5CF6F}.Release|Any CPU.ActiveCfg = Release|Any CPU
		{BA1DA6F4-0DBA-40F2-8AFB-42C32EF5CF6F}.Release|Any CPU.Build.0 = Release|Any CPU
		{110AB859-ED05-4DFF-94AA-3D2CC056CC8F}.Debug|Any CPU.ActiveCfg = Debug|Any CPU
		{110AB859-ED05-4DFF-94AA-3D2CC056CC8F}.Debug|Any CPU.Build.0 = Debug|Any CPU
		{110AB859-ED05-4DFF-94AA-3D2CC056CC8F}.Release|Any CPU.ActiveCfg = Release|Any CPU
		{110AB859-ED05-4DFF-94AA-3D2CC056CC8F}.Release|Any CPU.Build.0 = Release|Any CPU
		{B62FB9FA-6B5D-4DDA-8643-2AD149EE5D1D}.Debug|Any CPU.ActiveCfg = Debug|Any CPU
		{B62FB9FA-6B5D-4DDA-8643-2AD149EE5D1D}.Debug|Any CPU.Build.0 = Debug|Any CPU
		{B62FB9FA-6B5D-4DDA-8643-2AD149EE5D1D}.Release|Any CPU.ActiveCfg = Release|Any CPU
		{B62FB9FA-6B5D-4DDA-8643-2AD149EE5D1D}.Release|Any CPU.Build.0 = Release|Any CPU
		{8BBDA580-CE75-467D-B130-48E65018DD6E}.Debug|Any CPU.ActiveCfg = Debug|Any CPU
		{8BBDA580-CE75-467D-B130-48E65018DD6E}.Debug|Any CPU.Build.0 = Debug|Any CPU
		{8BBDA580-CE75-467D-B130-48E65018DD6E}.Release|Any CPU.ActiveCfg = Release|Any CPU
		{8BBDA580-CE75-467D-B130-48E65018DD6E}.Release|Any CPU.Build.0 = Release|Any CPU
		{D9D1D033-E486-4DD5-91D9-FE27F2F94DC5}.Debug|Any CPU.ActiveCfg = Debug|Any CPU
		{D9D1D033-E486-4DD5-91D9-FE27F2F94DC5}.Debug|Any CPU.Build.0 = Debug|Any CPU
		{D9D1D033-E486-4DD5-91D9-FE27F2F94DC5}.Release|Any CPU.ActiveCfg = Release|Any CPU
		{D9D1D033-E486-4DD5-91D9-FE27F2F94DC5}.Release|Any CPU.Build.0 = Release|Any CPU
	EndGlobalSection
	GlobalSection(NestedProjects) = preSolution
		{420649B0-282F-42E1-9A95-248FE78FE10C} = {F1F85451-CA63-441C-8C96-D7AA8C63AAB2}
		{BA1DA6F4-0DBA-40F2-8AFB-42C32EF5CF6F} = {EB9C6493-2C7C-4DA9-86F0-E3BFCBBE7B4B}
		{110AB859-ED05-4DFF-94AA-3D2CC056CC8F} = {F1F85451-CA63-441C-8C96-D7AA8C63AAB2}
		{B62FB9FA-6B5D-4DDA-8643-2AD149EE5D1D} = {F1F85451-CA63-441C-8C96-D7AA8C63AAB2}
		{8BBDA580-CE75-467D-B130-48E65018DD6E} = {EB9C6493-2C7C-4DA9-86F0-E3BFCBBE7B4B}
		{D9D1D033-E486-4DD5-91D9-FE27F2F94DC5} = {F1F85451-CA63-441C-8C96-D7AA8C63AAB2}
	EndGlobalSection
EndGlobal
